
Microsoft Visual Studio Solution File, Format Version 12.00
# Visual Studio Version 17
VisualStudioVersion = 17.4.33213.308
MinimumVisualStudioVersion = 10.0.40219.1
Project("{FAE04EC0-301F-11D3-BF4B-00C04F79EFBC}") = "oop10_2", "oop10_2\oop10_2.csproj", "{A4C2C1DE-5EEF-4BF3-8F5B-DBA7988E282C}"
EndProject
Global
	GlobalSection(SolutionConfigurationPlatforms) = preSolution
		Debug|Any CPU = Debug|Any CPU
		Release|Any CPU = Release|Any CPU
	EndGlobalSection
	GlobalSection(ProjectConfigurationPlatforms) = postSolution
		{A4C2C1DE-5EEF-4BF3-8F5B-DBA7988E282C}.Debug|Any CPU.ActiveCfg = Debug|Any CPU
		{A4C2C1DE-5EEF-4BF3-8F5B-DBA7988E282C}.Debug|Any CPU.Build.0 = Debug|Any CPU
		{A4C2C1DE-5EEF-4BF3-8F5B-DBA7988E282C}.Release|Any CPU.ActiveCfg = Release|Any CPU
		{A4C2C1DE-5EEF-4BF3-8F5B-DBA7988E282C}.Release|Any CPU.Build.0 = Release|Any CPU
	EndGlobalSection
	GlobalSection(SolutionProperties) = preSolution
		HideSolutionNode = FALSE
	EndGlobalSection
	GlobalSection(ExtensibilityGlobals) = postSolution
		SolutionGuid = {5313A7E6-FB6F-428B-924B-9E9A03B276A8}
	EndGlobalSection
EndGlobal
